
Microsoft Visual Studio Solution File, Format Version 11.00
# Visual Studio 2010
Project("{8BC9CEB8-8B4A-11D0-8D11-00A0C91BC942}") = "Dataprocessing", "Dataprocessing\Dataprocessing.vcxproj", "{26E3C4F6-1C29-44AB-8820-29EF0379794E}"
EndProject
Global
	GlobalSection(SolutionConfigurationPlatforms) = preSolution
		Debug|Win32 = Debug|Win32
		Release|Win32 = Release|Win32
	EndGlobalSection
	GlobalSection(ProjectConfigurationPlatforms) = postSolution
		{26E3C4F6-1C29-44AB-8820-29EF0379794E}.Debug|Win32.ActiveCfg = Debug|Win32
		{26E3C4F6-1C29-44AB-8820-29EF0379794E}.Debug|Win32.Build.0 = Debug|Win32
		{26E3C4F6-1C29-44AB-8820-29EF0379794E}.Release|Win32.ActiveCfg = Release|Win32
		{26E3C4F6-1C29-44AB-8820-29EF0379794E}.Release|Win32.Build.0 = Release|Win32
	EndGlobalSection
	GlobalSection(SolutionProperties) = preSolution
		HideSolutionNode = FALSE
	EndGlobalSection
EndGlobal
